// !$*UTF8*$!
{
	archiveVersion = 1;
	classes = {
	};
	objectVersion = 50;
	objects = {

/* Begin PBXBuildFile section */
		37DC3DA0B37E8DD28D1866E2 /* Pods_SkinCarePlanner.framework in Frameworks */ = {isa = PBXBuildFile; fileRef = 6DB79C42D139997B6329771F /* Pods_SkinCarePlanner.framework */; };
		9C66C2302233D09700091B23 /* BaseRootFlowController.swift in Sources */ = {isa = PBXBuildFile; fileRef = 9C66C22F2233D09700091B23 /* BaseRootFlowController.swift */; };
		9C66C2322233D0E600091B23 /* RootFlowController.swift in Sources */ = {isa = PBXBuildFile; fileRef = 9C66C2312233D0E600091B23 /* RootFlowController.swift */; };
		9C66C2362233D4F300091B23 /* Container.swift in Sources */ = {isa = PBXBuildFile; fileRef = 9C66C2352233D4F300091B23 /* Container.swift */; };
		9C66C2382233D50F00091B23 /* BaseContainer.swift in Sources */ = {isa = PBXBuildFile; fileRef = 9C66C2372233D50F00091B23 /* BaseContainer.swift */; };
		9C66C23C2233D63800091B23 /* LaunchManager.swift in Sources */ = {isa = PBXBuildFile; fileRef = 9C66C23B2233D63800091B23 /* LaunchManager.swift */; };
		9C66C23E2233D64C00091B23 /* BaseLaunchManager.swift in Sources */ = {isa = PBXBuildFile; fileRef = 9C66C23D2233D64C00091B23 /* BaseLaunchManager.swift */; };
		9C66C2422233DC2000091B23 /* Container+Servieces.swift in Sources */ = {isa = PBXBuildFile; fileRef = 9C66C2412233DC2000091B23 /* Container+Servieces.swift */; };
		9C66C2442233DC7800091B23 /* Container+FlowControllers.swift in Sources */ = {isa = PBXBuildFile; fileRef = 9C66C2432233DC7800091B23 /* Container+FlowControllers.swift */; };
		9C66C2572233E64500091B23 /* LaunchManagerFactoryTests.swift in Sources */ = {isa = PBXBuildFile; fileRef = 9C66C2562233E64500091B23 /* LaunchManagerFactoryTests.swift */; };
		9C7EE2D82233C50400DC33EE /* AppDelegate.swift in Sources */ = {isa = PBXBuildFile; fileRef = 9C7EE2D72233C50400DC33EE /* AppDelegate.swift */; };
		9C7EE2DA2233C50400DC33EE /* ViewController.swift in Sources */ = {isa = PBXBuildFile; fileRef = 9C7EE2D92233C50400DC33EE /* ViewController.swift */; };
		9C7EE2DD2233C50400DC33EE /* Main.storyboard in Resources */ = {isa = PBXBuildFile; fileRef = 9C7EE2DB2233C50400DC33EE /* Main.storyboard */; };
		9C7EE2DF2233C50500DC33EE /* Assets.xcassets in Resources */ = {isa = PBXBuildFile; fileRef = 9C7EE2DE2233C50500DC33EE /* Assets.xcassets */; };
		9C7EE2E22233C50500DC33EE /* LaunchScreen.storyboard in Resources */ = {isa = PBXBuildFile; fileRef = 9C7EE2E02233C50500DC33EE /* LaunchScreen.storyboard */; };
/* End PBXBuildFile section */

/* Begin PBXContainerItemProxy section */
		9C66C24E2233DCFE00091B23 /* PBXContainerItemProxy */ = {
			isa = PBXContainerItemProxy;
			containerPortal = 9C7EE2CC2233C50400DC33EE /* Project object */;
			proxyType = 1;
			remoteGlobalIDString = 9C7EE2D32233C50400DC33EE;
			remoteInfo = SkinCarePlanner;
		};
/* End PBXContainerItemProxy section */

/* Begin PBXFileReference section */
		6DB79C42D139997B6329771F /* Pods_SkinCarePlanner.framework */ = {isa = PBXFileReference; explicitFileType = wrapper.framework; includeInIndex = 0; path = Pods_SkinCarePlanner.framework; sourceTree = BUILT_PRODUCTS_DIR; };
		9C66C22F2233D09700091B23 /* BaseRootFlowController.swift */ = {isa = PBXFileReference; lastKnownFileType = sourcecode.swift; path = BaseRootFlowController.swift; sourceTree = "<group>"; };
		9C66C2312233D0E600091B23 /* RootFlowController.swift */ = {isa = PBXFileReference; lastKnownFileType = sourcecode.swift; path = RootFlowController.swift; sourceTree = "<group>"; };
		9C66C2352233D4F300091B23 /* Container.swift */ = {isa = PBXFileReference; lastKnownFileType = sourcecode.swift; path = Container.swift; sourceTree = "<group>"; };
		9C66C2372233D50F00091B23 /* BaseContainer.swift */ = {isa = PBXFileReference; lastKnownFileType = sourcecode.swift; path = BaseContainer.swift; sourceTree = "<group>"; };
		9C66C23B2233D63800091B23 /* LaunchManager.swift */ = {isa = PBXFileReference; lastKnownFileType = sourcecode.swift; path = LaunchManager.swift; sourceTree = "<group>"; };
		9C66C23D2233D64C00091B23 /* BaseLaunchManager.swift */ = {isa = PBXFileReference; lastKnownFileType = sourcecode.swift; path = BaseLaunchManager.swift; sourceTree = "<group>"; };
		9C66C2412233DC2000091B23 /* Container+Servieces.swift */ = {isa = PBXFileReference; lastKnownFileType = sourcecode.swift; path = "Container+Servieces.swift"; sourceTree = "<group>"; };
		9C66C2432233DC7800091B23 /* Container+FlowControllers.swift */ = {isa = PBXFileReference; lastKnownFileType = sourcecode.swift; path = "Container+FlowControllers.swift"; sourceTree = "<group>"; };
		9C66C2492233DCFE00091B23 /* SkinCarePlannerTests.xctest */ = {isa = PBXFileReference; explicitFileType = wrapper.cfbundle; includeInIndex = 0; path = SkinCarePlannerTests.xctest; sourceTree = BUILT_PRODUCTS_DIR; };
		9C66C24D2233DCFE00091B23 /* Info.plist */ = {isa = PBXFileReference; lastKnownFileType = text.plist.xml; path = Info.plist; sourceTree = "<group>"; };
		9C66C2562233E64500091B23 /* LaunchManagerFactoryTests.swift */ = {isa = PBXFileReference; lastKnownFileType = sourcecode.swift; path = LaunchManagerFactoryTests.swift; sourceTree = "<group>"; };
		9C7EE2D42233C50400DC33EE /* SkinCarePlanner.app */ = {isa = PBXFileReference; explicitFileType = wrapper.application; includeInIndex = 0; path = SkinCarePlanner.app; sourceTree = BUILT_PRODUCTS_DIR; };
		9C7EE2D72233C50400DC33EE /* AppDelegate.swift */ = {isa = PBXFileReference; lastKnownFileType = sourcecode.swift; path = AppDelegate.swift; sourceTree = "<group>"; };
		9C7EE2D92233C50400DC33EE /* ViewController.swift */ = {isa = PBXFileReference; lastKnownFileType = sourcecode.swift; path = ViewController.swift; sourceTree = "<group>"; };
		9C7EE2DC2233C50400DC33EE /* Base */ = {isa = PBXFileReference; lastKnownFileType = file.storyboard; name = Base; path = Base.lproj/Main.storyboard; sourceTree = "<group>"; };
		9C7EE2DE2233C50500DC33EE /* Assets.xcassets */ = {isa = PBXFileReference; lastKnownFileType = folder.assetcatalog; path = Assets.xcassets; sourceTree = "<group>"; };
		9C7EE2E12233C50500DC33EE /* Base */ = {isa = PBXFileReference; lastKnownFileType = file.storyboard; name = Base; path = Base.lproj/LaunchScreen.storyboard; sourceTree = "<group>"; };
		9C7EE2E32233C50500DC33EE /* Info.plist */ = {isa = PBXFileReference; lastKnownFileType = text.plist.xml; path = Info.plist; sourceTree = "<group>"; };
		C8C9B4FBF384350601ACA247 /* Pods-SkinCarePlanner.release.xcconfig */ = {isa = PBXFileReference; includeInIndex = 1; lastKnownFileType = text.xcconfig; name = "Pods-SkinCarePlanner.release.xcconfig"; path = "Target Support Files/Pods-SkinCarePlanner/Pods-SkinCarePlanner.release.xcconfig"; sourceTree = "<group>"; };
		EB69D6B30B5D3E3CD7E84A03 /* Pods-SkinCarePlanner.debug.xcconfig */ = {isa = PBXFileReference; includeInIndex = 1; lastKnownFileType = text.xcconfig; name = "Pods-SkinCarePlanner.debug.xcconfig"; path = "Target Support Files/Pods-SkinCarePlanner/Pods-SkinCarePlanner.debug.xcconfig"; sourceTree = "<group>"; };
/* End PBXFileReference section */

/* Begin PBXFrameworksBuildPhase section */
		9C66C2462233DCFE00091B23 /* Frameworks */ = {
			isa = PBXFrameworksBuildPhase;
			buildActionMask = 2147483647;
			files = (
			);
			runOnlyForDeploymentPostprocessing = 0;
		};
		9C7EE2D12233C50400DC33EE /* Frameworks */ = {
			isa = PBXFrameworksBuildPhase;
			buildActionMask = 2147483647;
			files = (
				37DC3DA0B37E8DD28D1866E2 /* Pods_SkinCarePlanner.framework in Frameworks */,
			);
			runOnlyForDeploymentPostprocessing = 0;
		};
/* End PBXFrameworksBuildPhase section */

/* Begin PBXGroup section */
		286CEBB0D9D3E06819F3E739 /* Pods */ = {
			isa = PBXGroup;
			children = (
				EB69D6B30B5D3E3CD7E84A03 /* Pods-SkinCarePlanner.debug.xcconfig */,
				C8C9B4FBF384350601ACA247 /* Pods-SkinCarePlanner.release.xcconfig */,
			);
			path = Pods;
			sourceTree = "<group>";
		};
		50CB254AF6AEE0A699B8EBCF /* Frameworks */ = {
			isa = PBXGroup;
			children = (
				6DB79C42D139997B6329771F /* Pods_SkinCarePlanner.framework */,
			);
			name = Frameworks;
			sourceTree = "<group>";
		};
		9C66C22D2233D02B00091B23 /* Source Files */ = {
			isa = PBXGroup;
			children = (
				9C66C2392233D62200091B23 /* Servieces */,
				9C66C2342233D4BB00091B23 /* Container */,
				9C66C2332233D21500091B23 /* Flows */,
			);
			path = "Source Files";
			sourceTree = "<group>";
		};
		9C66C22E2233D07500091B23 /* RootFlow */ = {
			isa = PBXGroup;
			children = (
				9C66C22F2233D09700091B23 /* BaseRootFlowController.swift */,
				9C66C2312233D0E600091B23 /* RootFlowController.swift */,
			);
			path = RootFlow;
			sourceTree = "<group>";
		};
		9C66C2332233D21500091B23 /* Flows */ = {
			isa = PBXGroup;
			children = (
				9C66C22E2233D07500091B23 /* RootFlow */,
			);
			path = Flows;
			sourceTree = "<group>";
		};
		9C66C2342233D4BB00091B23 /* Container */ = {
			isa = PBXGroup;
			children = (
				9C66C2352233D4F300091B23 /* Container.swift */,
				9C66C2412233DC2000091B23 /* Container+Servieces.swift */,
				9C66C2432233DC7800091B23 /* Container+FlowControllers.swift */,
				9C66C2372233D50F00091B23 /* BaseContainer.swift */,
			);
			path = Container;
			sourceTree = "<group>";
		};
		9C66C2392233D62200091B23 /* Servieces */ = {
			isa = PBXGroup;
			children = (
				9C66C23A2233D62C00091B23 /* LaunchManager */,
			);
			path = Servieces;
			sourceTree = "<group>";
		};
		9C66C23A2233D62C00091B23 /* LaunchManager */ = {
			isa = PBXGroup;
			children = (
				9C66C23B2233D63800091B23 /* LaunchManager.swift */,
				9C66C23D2233D64C00091B23 /* BaseLaunchManager.swift */,
			);
			path = LaunchManager;
			sourceTree = "<group>";
		};
		9C66C24A2233DCFE00091B23 /* SkinCarePlannerTests */ = {
			isa = PBXGroup;
			children = (
				9C66C2532233DD0E00091B23 /* Container */,
				9C66C24D2233DCFE00091B23 /* Info.plist */,
			);
			path = SkinCarePlannerTests;
			sourceTree = "<group>";
		};
		9C66C2532233DD0E00091B23 /* Container */ = {
			isa = PBXGroup;
			children = (
				9C66C2562233E64500091B23 /* LaunchManagerFactoryTests.swift */,
			);
			path = Container;
			sourceTree = "<group>";
		};
		9C7EE2CB2233C50400DC33EE = {
			isa = PBXGroup;
			children = (
				9C7EE2D62233C50400DC33EE /* SkinCarePlanner */,
				9C66C24A2233DCFE00091B23 /* SkinCarePlannerTests */,
				9C7EE2D52233C50400DC33EE /* Products */,
				286CEBB0D9D3E06819F3E739 /* Pods */,
				50CB254AF6AEE0A699B8EBCF /* Frameworks */,
			);
			sourceTree = "<group>";
		};
		9C7EE2D52233C50400DC33EE /* Products */ = {
			isa = PBXGroup;
			children = (
				9C7EE2D42233C50400DC33EE /* SkinCarePlanner.app */,
				9C66C2492233DCFE00091B23 /* SkinCarePlannerTests.xctest */,
			);
			name = Products;
			sourceTree = "<group>";
		};
		9C7EE2D62233C50400DC33EE /* SkinCarePlanner */ = {
			isa = PBXGroup;
			children = (
				9C66C22D2233D02B00091B23 /* Source Files */,
				9C7EE2D72233C50400DC33EE /* AppDelegate.swift */,
				9C7EE2D92233C50400DC33EE /* ViewController.swift */,
				9C7EE2DB2233C50400DC33EE /* Main.storyboard */,
				9C7EE2DE2233C50500DC33EE /* Assets.xcassets */,
				9C7EE2E02233C50500DC33EE /* LaunchScreen.storyboard */,
				9C7EE2E32233C50500DC33EE /* Info.plist */,
			);
			path = SkinCarePlanner;
			sourceTree = "<group>";
		};
/* End PBXGroup section */

/* Begin PBXNativeTarget section */
		9C66C2482233DCFE00091B23 /* SkinCarePlannerTests */ = {
			isa = PBXNativeTarget;
			buildConfigurationList = 9C66C2502233DCFE00091B23 /* Build configuration list for PBXNativeTarget "SkinCarePlannerTests" */;
			buildPhases = (
				9C66C2452233DCFE00091B23 /* Sources */,
				9C66C2462233DCFE00091B23 /* Frameworks */,
				9C66C2472233DCFE00091B23 /* Resources */,
			);
			buildRules = (
			);
			dependencies = (
				9C66C24F2233DCFE00091B23 /* PBXTargetDependency */,
			);
			name = SkinCarePlannerTests;
			productName = SkinCarePlannerTests;
			productReference = 9C66C2492233DCFE00091B23 /* SkinCarePlannerTests.xctest */;
			productType = "com.apple.product-type.bundle.unit-test";
		};
		9C7EE2D32233C50400DC33EE /* SkinCarePlanner */ = {
			isa = PBXNativeTarget;
			buildConfigurationList = 9C7EE2E62233C50500DC33EE /* Build configuration list for PBXNativeTarget "SkinCarePlanner" */;
			buildPhases = (
				4134F0E59E77368870A76FCD /* [CP] Check Pods Manifest.lock */,
				9C7EE2D02233C50400DC33EE /* Sources */,
				9C7EE2D12233C50400DC33EE /* Frameworks */,
				9C7EE2D22233C50400DC33EE /* Resources */,
				9C3448162233CAA100833B81 /* SwiftLint */,
			);
			buildRules = (
			);
			dependencies = (
			);
			name = SkinCarePlanner;
			productName = SkinCarePlanner;
			productReference = 9C7EE2D42233C50400DC33EE /* SkinCarePlanner.app */;
			productType = "com.apple.product-type.application";
		};
/* End PBXNativeTarget section */

/* Begin PBXProject section */
		9C7EE2CC2233C50400DC33EE /* Project object */ = {
			isa = PBXProject;
			attributes = {
				LastSwiftUpdateCheck = 1010;
				LastUpgradeCheck = 1010;
				ORGANIZATIONNAME = "Kirill Shalhansky";
				TargetAttributes = {
					9C66C2482233DCFE00091B23 = {
						CreatedOnToolsVersion = 10.1;
						TestTargetID = 9C7EE2D32233C50400DC33EE;
					};
					9C7EE2D32233C50400DC33EE = {
						CreatedOnToolsVersion = 10.1;
					};
				};
			};
			buildConfigurationList = 9C7EE2CF2233C50400DC33EE /* Build configuration list for PBXProject "SkinCarePlanner" */;
			compatibilityVersion = "Xcode 9.3";
			developmentRegion = en;
			hasScannedForEncodings = 0;
			knownRegions = (
				en,
				Base,
			);
			mainGroup = 9C7EE2CB2233C50400DC33EE;
			productRefGroup = 9C7EE2D52233C50400DC33EE /* Products */;
			projectDirPath = "";
			projectRoot = "";
			targets = (
				9C7EE2D32233C50400DC33EE /* SkinCarePlanner */,
				9C66C2482233DCFE00091B23 /* SkinCarePlannerTests */,
			);
		};
/* End PBXProject section */

/* Begin PBXResourcesBuildPhase section */
		9C66C2472233DCFE00091B23 /* Resources */ = {
			isa = PBXResourcesBuildPhase;
			buildActionMask = 2147483647;
			files = (
			);
			runOnlyForDeploymentPostprocessing = 0;
		};
		9C7EE2D22233C50400DC33EE /* Resources */ = {
			isa = PBXResourcesBuildPhase;
			buildActionMask = 2147483647;
			files = (
				9C7EE2E22233C50500DC33EE /* LaunchScreen.storyboard in Resources */,
				9C7EE2DF2233C50500DC33EE /* Assets.xcassets in Resources */,
				9C7EE2DD2233C50400DC33EE /* Main.storyboard in Resources */,
			);
			runOnlyForDeploymentPostprocessing = 0;
		};
/* End PBXResourcesBuildPhase section */

/* Begin PBXShellScriptBuildPhase section */
		4134F0E59E77368870A76FCD /* [CP] Check Pods Manifest.lock */ = {
			isa = PBXShellScriptBuildPhase;
			buildActionMask = 2147483647;
			files = (
			);
			inputFileListPaths = (
			);
			inputPaths = (
				"${PODS_PODFILE_DIR_PATH}/Podfile.lock",
				"${PODS_ROOT}/Manifest.lock",
			);
			name = "[CP] Check Pods Manifest.lock";
			outputFileListPaths = (
			);
			outputPaths = (
				"$(DERIVED_FILE_DIR)/Pods-SkinCarePlanner-checkManifestLockResult.txt",
			);
			runOnlyForDeploymentPostprocessing = 0;
			shellPath = /bin/sh;
			shellScript = "diff \"${PODS_PODFILE_DIR_PATH}/Podfile.lock\" \"${PODS_ROOT}/Manifest.lock\" > /dev/null\nif [ $? != 0 ] ; then\n    # print error to STDERR\n    echo \"error: The sandbox is not in sync with the Podfile.lock. Run 'pod install' or update your CocoaPods installation.\" >&2\n    exit 1\nfi\n# This output is used by Xcode 'outputs' to avoid re-running this script phase.\necho \"SUCCESS\" > \"${SCRIPT_OUTPUT_FILE_0}\"\n";
			showEnvVarsInLog = 0;
		};
		9C3448162233CAA100833B81 /* SwiftLint */ = {
			isa = PBXShellScriptBuildPhase;
			buildActionMask = 2147483647;
			files = (
			);
			inputFileListPaths = (
			);
			inputPaths = (
			);
			name = SwiftLint;
			outputFileListPaths = (
			);
			outputPaths = (
			);
			runOnlyForDeploymentPostprocessing = 0;
			shellPath = /bin/sh;
			shellScript = "\"${PODS_ROOT}/SwiftLint/swiftlint\"\n";
		};
/* End PBXShellScriptBuildPhase section */

/* Begin PBXSourcesBuildPhase section */
		9C66C2452233DCFE00091B23 /* Sources */ = {
			isa = PBXSourcesBuildPhase;
			buildActionMask = 2147483647;
			files = (
				9C66C2572233E64500091B23 /* LaunchManagerFactoryTests.swift in Sources */,
			);
			runOnlyForDeploymentPostprocessing = 0;
		};
		9C7EE2D02233C50400DC33EE /* Sources */ = {
			isa = PBXSourcesBuildPhase;
			buildActionMask = 2147483647;
			files = (
				9C7EE2DA2233C50400DC33EE /* ViewController.swift in Sources */,
				9C66C2442233DC7800091B23 /* Container+FlowControllers.swift in Sources */,
				9C66C2362233D4F300091B23 /* Container.swift in Sources */,
				9C66C23C2233D63800091B23 /* LaunchManager.swift in Sources */,
				9C66C23E2233D64C00091B23 /* BaseLaunchManager.swift in Sources */,
				9C66C2422233DC2000091B23 /* Container+Servieces.swift in Sources */,
				9C7EE2D82233C50400DC33EE /* AppDelegate.swift in Sources */,
				9C66C2382233D50F00091B23 /* BaseContainer.swift in Sources */,
				9C66C2302233D09700091B23 /* BaseRootFlowController.swift in Sources */,
				9C66C2322233D0E600091B23 /* RootFlowController.swift in Sources */,
			);
			runOnlyForDeploymentPostprocessing = 0;
		};
/* End PBXSourcesBuildPhase section */

/* Begin PBXTargetDependency section */
		9C66C24F2233DCFE00091B23 /* PBXTargetDependency */ = {
			isa = PBXTargetDependency;
			target = 9C7EE2D32233C50400DC33EE /* SkinCarePlanner */;
			targetProxy = 9C66C24E2233DCFE00091B23 /* PBXContainerItemProxy */;
		};
/* End PBXTargetDependency section */

/* Begin PBXVariantGroup section */
		9C7EE2DB2233C50400DC33EE /* Main.storyboard */ = {
			isa = PBXVariantGroup;
			children = (
				9C7EE2DC2233C50400DC33EE /* Base */,
			);
			name = Main.storyboard;
			sourceTree = "<group>";
		};
		9C7EE2E02233C50500DC33EE /* LaunchScreen.storyboard */ = {
			isa = PBXVariantGroup;
			children = (
				9C7EE2E12233C50500DC33EE /* Base */,
			);
			name = LaunchScreen.storyboard;
			sourceTree = "<group>";
		};
/* End PBXVariantGroup section */

/* Begin XCBuildConfiguration section */
		9C66C2512233DCFE00091B23 /* Debug */ = {
			isa = XCBuildConfiguration;
			buildSettings = {
				BUNDLE_LOADER = "$(TEST_HOST)";
				CODE_SIGN_STYLE = Automatic;
				DEVELOPMENT_TEAM = Y3R3Z3JF3Q;
				INFOPLIST_FILE = SkinCarePlannerTests/Info.plist;
				LD_RUNPATH_SEARCH_PATHS = (
					"$(inherited)",
					"@executable_path/Frameworks",
					"@loader_path/Frameworks",
				);
				PRODUCT_BUNDLE_IDENTIFIER = com.stream.SkinCarePlannerTests;
				PRODUCT_NAME = "$(TARGET_NAME)";
				SWIFT_VERSION = 4.2;
				TARGETED_DEVICE_FAMILY = "1,2";
				TEST_HOST = "$(BUILT_PRODUCTS_DIR)/SkinCarePlanner.app/SkinCarePlanner";
			};
			name = Debug;
		};
		9C66C2522233DCFE00091B23 /* Release */ = {
			isa = XCBuildConfiguration;
			buildSettings = {
				BUNDLE_LOADER = "$(TEST_HOST)";
				CODE_SIGN_STYLE = Automatic;
				DEVELOPMENT_TEAM = Y3R3Z3JF3Q;
				INFOPLIST_FILE = SkinCarePlannerTests/Info.plist;
				LD_RUNPATH_SEARCH_PATHS = (
					"$(inherited)",
					"@executable_path/Frameworks",
					"@loader_path/Frameworks",
				);
				PRODUCT_BUNDLE_IDENTIFIER = com.stream.SkinCarePlannerTests;
				PRODUCT_NAME = "$(TARGET_NAME)";
				SWIFT_VERSION = 4.2;
				TARGETED_DEVICE_FAMILY = "1,2";
				TEST_HOST = "$(BUILT_PRODUCTS_DIR)/SkinCarePlanner.app/SkinCarePlanner";
			};
			name = Release;
		};
		9C7EE2E42233C50500DC33EE /* Debug */ = {
			isa = XCBuildConfiguration;
			buildSettings = {
				ALWAYS_SEARCH_USER_PATHS = NO;
				CLANG_ANALYZER_NONNULL = YES;
				CLANG_ANALYZER_NUMBER_OBJECT_CONVERSION = YES_AGGRESSIVE;
				CLANG_CXX_LANGUAGE_STANDARD = "gnu++14";
				CLANG_CXX_LIBRARY = "libc++";
				CLANG_ENABLE_MODULES = YES;
				CLANG_ENABLE_OBJC_ARC = YES;
				CLANG_ENABLE_OBJC_WEAK = YES;
				CLANG_WARN_BLOCK_CAPTURE_AUTORELEASING = YES;
				CLANG_WARN_BOOL_CONVERSION = YES;
				CLANG_WARN_COMMA = YES;
				CLANG_WARN_CONSTANT_CONVERSION = YES;
				CLANG_WARN_DEPRECATED_OBJC_IMPLEMENTATIONS = YES;
				CLANG_WARN_DIRECT_OBJC_ISA_USAGE = YES_ERROR;
				CLANG_WARN_DOCUMENTATION_COMMENTS = YES;
				CLANG_WARN_EMPTY_BODY = YES;
				CLANG_WARN_ENUM_CONVERSION = YES;
				CLANG_WARN_INFINITE_RECURSION = YES;
				CLANG_WARN_INT_CONVERSION = YES;
				CLANG_WARN_NON_LITERAL_NULL_CONVERSION = YES;
				CLANG_WARN_OBJC_IMPLICIT_RETAIN_SELF = YES;
				CLANG_WARN_OBJC_LITERAL_CONVERSION = YES;
				CLANG_WARN_OBJC_ROOT_CLASS = YES_ERROR;
				CLANG_WARN_RANGE_LOOP_ANALYSIS = YES;
				CLANG_WARN_STRICT_PROTOTYPES = YES;
				CLANG_WARN_SUSPICIOUS_MOVE = YES;
				CLANG_WARN_UNGUARDED_AVAILABILITY = YES_AGGRESSIVE;
				CLANG_WARN_UNREACHABLE_CODE = YES;
				CLANG_WARN__DUPLICATE_METHOD_MATCH = YES;
				CODE_SIGN_IDENTITY = "iPhone Developer";
				COPY_PHASE_STRIP = NO;
				DEBUG_INFORMATION_FORMAT = dwarf;
				ENABLE_STRICT_OBJC_MSGSEND = YES;
				ENABLE_TESTABILITY = YES;
				GCC_C_LANGUAGE_STANDARD = gnu11;
				GCC_DYNAMIC_NO_PIC = NO;
				GCC_NO_COMMON_BLOCKS = YES;
				GCC_OPTIMIZATION_LEVEL = 0;
				GCC_PREPROCESSOR_DEFINITIONS = (
					"DEBUG=1",
					"$(inherited)",
				);
				GCC_WARN_64_TO_32_BIT_CONVERSION = YES;
				GCC_WARN_ABOUT_RETURN_TYPE = YES_ERROR;
				GCC_WARN_UNDECLARED_SELECTOR = YES;
				GCC_WARN_UNINITIALIZED_AUTOS = YES_AGGRESSIVE;
				GCC_WARN_UNUSED_FUNCTION = YES;
				GCC_WARN_UNUSED_VARIABLE = YES;
				IPHONEOS_DEPLOYMENT_TARGET = 12.1;
				MTL_ENABLE_DEBUG_INFO = INCLUDE_SOURCE;
				MTL_FAST_MATH = YES;
				ONLY_ACTIVE_ARCH = YES;
				SDKROOT = iphoneos;
				SWIFT_ACTIVE_COMPILATION_CONDITIONS = DEBUG;
				SWIFT_OPTIMIZATION_LEVEL = "-Onone";
			};
			name = Debug;
		};
		9C7EE2E52233C50500DC33EE /* Release */ = {
			isa = XCBuildConfiguration;
			buildSettings = {
				ALWAYS_SEARCH_USER_PATHS = NO;
				CLANG_ANALYZER_NONNULL = YES;
				CLANG_ANALYZER_NUMBER_OBJECT_CONVERSION = YES_AGGRESSIVE;
				CLANG_CXX_LANGUAGE_STANDARD = "gnu++14";
				CLANG_CXX_LIBRARY = "libc++";
				CLANG_ENABLE_MODULES = YES;
				CLANG_ENABLE_OBJC_ARC = YES;
				CLANG_ENABLE_OBJC_WEAK = YES;
				CLANG_WARN_BLOCK_CAPTURE_AUTORELEASING = YES;
				CLANG_WARN_BOOL_CONVERSION = YES;
				CLANG_WARN_COMMA = YES;
				CLANG_WARN_CONSTANT_CONVERSION = YES;
				CLANG_WARN_DEPRECATED_OBJC_IMPLEMENTATIONS = YES;
				CLANG_WARN_DIRECT_OBJC_ISA_USAGE = YES_ERROR;
				CLANG_WARN_DOCUMENTATION_COMMENTS = YES;
				CLANG_WARN_EMPTY_BODY = YES;
				CLANG_WARN_ENUM_CONVERSION = YES;
				CLANG_WARN_INFINITE_RECURSION = YES;
				CLANG_WARN_INT_CONVERSION = YES;
				CLANG_WARN_NON_LITERAL_NULL_CONVERSION = YES;
				CLANG_WARN_OBJC_IMPLICIT_RETAIN_SELF = YES;
				CLANG_WARN_OBJC_LITERAL_CONVERSION = YES;
				CLANG_WARN_OBJC_ROOT_CLASS = YES_ERROR;
				CLANG_WARN_RANGE_LOOP_ANALYSIS = YES;
				CLANG_WARN_STRICT_PROTOTYPES = YES;
				CLANG_WARN_SUSPICIOUS_MOVE = YES;
				CLANG_WARN_UNGUARDED_AVAILABILITY = YES_AGGRESSIVE;
				CLANG_WARN_UNREACHABLE_CODE = YES;
				CLANG_WARN__DUPLICATE_METHOD_MATCH = YES;
				CODE_SIGN_IDENTITY = "iPhone Developer";
				COPY_PHASE_STRIP = NO;
				DEBUG_INFORMATION_FORMAT = "dwarf-with-dsym";
				ENABLE_NS_ASSERTIONS = NO;
				ENABLE_STRICT_OBJC_MSGSEND = YES;
				GCC_C_LANGUAGE_STANDARD = gnu11;
				GCC_NO_COMMON_BLOCKS = YES;
				GCC_WARN_64_TO_32_BIT_CONVERSION = YES;
				GCC_WARN_ABOUT_RETURN_TYPE = YES_ERROR;
				GCC_WARN_UNDECLARED_SELECTOR = YES;
				GCC_WARN_UNINITIALIZED_AUTOS = YES_AGGRESSIVE;
				GCC_WARN_UNUSED_FUNCTION = YES;
				GCC_WARN_UNUSED_VARIABLE = YES;
				IPHONEOS_DEPLOYMENT_TARGET = 12.1;
				MTL_ENABLE_DEBUG_INFO = NO;
				MTL_FAST_MATH = YES;
				SDKROOT = iphoneos;
				SWIFT_COMPILATION_MODE = wholemodule;
				SWIFT_OPTIMIZATION_LEVEL = "-O";
				VALIDATE_PRODUCT = YES;
			};
			name = Release;
		};
		9C7EE2E72233C50500DC33EE /* Debug */ = {
			isa = XCBuildConfiguration;
			baseConfigurationReference = EB69D6B30B5D3E3CD7E84A03 /* Pods-SkinCarePlanner.debug.xcconfig */;
			buildSettings = {
				ASSETCATALOG_COMPILER_APPICON_NAME = AppIcon;
				CODE_SIGN_STYLE = Automatic;
				DEVELOPMENT_TEAM = Y3R3Z3JF3Q;
				INFOPLIST_FILE = SkinCarePlanner/Info.plist;
				LD_RUNPATH_SEARCH_PATHS = (
					"$(inherited)",
					"@executable_path/Frameworks",
				);
				PRODUCT_BUNDLE_IDENTIFIER = com.stream.SkinCarePlanner;
				PRODUCT_NAME = "$(TARGET_NAME)";
				SWIFT_VERSION = 4.2;
				TARGETED_DEVICE_FAMILY = "1,2";
			};
			name = Debug;
		};
		9C7EE2E82233C50500DC33EE /* Release */ = {
			isa = XCBuildConfiguration;
			baseConfigurationReference = C8C9B4FBF384350601ACA247 /* Pods-SkinCarePlanner.release.xcconfig */;
			buildSettings = {
				ASSETCATALOG_COMPILER_APPICON_NAME = AppIcon;
				CODE_SIGN_STYLE = Automatic;
				DEVELOPMENT_TEAM = Y3R3Z3JF3Q;
				INFOPLIST_FILE = SkinCarePlanner/Info.plist;
				LD_RUNPATH_SEARCH_PATHS = (
					"$(inherited)",
					"@executable_path/Frameworks",
				);
				PRODUCT_BUNDLE_IDENTIFIER = com.stream.SkinCarePlanner;
				PRODUCT_NAME = "$(TARGET_NAME)";
				SWIFT_VERSION = 4.2;
				TARGETED_DEVICE_FAMILY = "1,2";
			};
			name = Release;
		};
/* End XCBuildConfiguration section */

/* Begin XCConfigurationList section */
		9C66C2502233DCFE00091B23 /* Build configuration list for PBXNativeTarget "SkinCarePlannerTests" */ = {
			isa = XCConfigurationList;
			buildConfigurations = (
				9C66C2512233DCFE00091B23 /* Debug */,
				9C66C2522233DCFE00091B23 /* Release */,
			);
			defaultConfigurationIsVisible = 0;
			defaultConfigurationName = Release;
		};
		9C7EE2CF2233C50400DC33EE /* Build configuration list for PBXProject "SkinCarePlanner" */ = {
			isa = XCConfigurationList;
			buildConfigurations = (
				9C7EE2E42233C50500DC33EE /* Debug */,
				9C7EE2E52233C50500DC33EE /* Release */,
			);
			defaultConfigurationIsVisible = 0;
			defaultConfigurationName = Release;
		};
		9C7EE2E62233C50500DC33EE /* Build configuration list for PBXNativeTarget "SkinCarePlanner" */ = {
			isa = XCConfigurationList;
			buildConfigurations = (
				9C7EE2E72233C50500DC33EE /* Debug */,
				9C7EE2E82233C50500DC33EE /* Release */,
			);
			defaultConfigurationIsVisible = 0;
			defaultConfigurationName = Release;
		};
/* End XCConfigurationList section */
	};
	rootObject = 9C7EE2CC2233C50400DC33EE /* Project object */;
}
